{
    "_meta": {
        "hash": {
            "sha256": "8db3b7b0ef195308d732377006fab812c35a317d32b144c1fdbc12df937e6169"
        },
        "pipfile-spec": 6,
        "requires": {
            "python_version": "3.6"
        },
        "sources": [
            {
                "name": "pypi",
                "url": "https://pypi.python.org/simple",
                "verify_ssl": true
            }
        ]
    },
    "default": {
        "django": {
            "hashes": [
                "sha256:3d9916515599f757043c690ae2b5ea28666afa09779636351da505396cbb2f19",
                "sha256:769f212ffd5762f72c764fa648fca3b7f7dd4ec27407198b68e7c4abf4609fd0"
            ],
            "version": "==2.0.3"
        },
        "django-filter": {
            "hashes": [
                "sha256:ea204242ea83790e1512c9d0d8255002a652a6f4986e93cee664f28955ba0c22",
                "sha256:ec0ef1ba23ef95b1620f5d481334413700fb33f45cd76d56a63f4b0b1d76976a"
            ],
            "version": "==1.1.0"
        },
        "djangorestframework": {
            "hashes": [
                "sha256:9f9e94e8d22b100ed3a43cee8c47a7ff7b185e778a1f2da9ec5c73fc4e081b87",
                "sha256:1f6baf40ed456ed2af6bd1a4ff8bbc3503cebea16509993aea2b7085bc097766"
            ],
            "version": "==3.7.7"
        },
        "djangorestframework-jwt": {
            "hashes": [
                "sha256:ab15dfbbe535eede8e2e53adaf52ef0cf018ee27dbfad10cbc4cbec2ab63d38c",
                "sha256:5efe33032f3a4518a300dc51a51c92145ad95fb6f4b272e5aa24701db67936a7"
            ],
            "version": "==1.11.0"
        },
        "e1839a8": {
            "editable": true,
            "path": "."
        },
        "pyjwt": {
            "hashes": [
                "sha256:9c3016e4a292151c5396e25cc0c28c4e1cdf13fa19118eb84f500f9670e3f628",
                "sha256:b752500cafd4df9f0dc6efe9063603e36a4e1a5c24fee48234d2949b6606aa59"
            ],
            "version": "==1.6.0"
        },
        "pytz": {
            "hashes": [
                "sha256:07edfc3d4d2705a20a6e99d97f0c4b61c800b8232dc1c04d87e8554f130148dd",
                "sha256:410bcd1d6409026fbaa65d9ed33bf6dd8b1e94a499e32168acfc7b332e4095c0"
            ],
            "version": "==2018.3"
        }
    },
    "develop": {}
}
